
Microsoft Visual Studio Solution File, Format Version 12.00
# Visual Studio Version 16
VisualStudioVersion = 16.0.31205.134
MinimumVisualStudioVersion = 10.0.40219.1
Project("{FAE04EC0-301F-11D3-BF4B-00C04F79EFBC}") = "PhonebookTheOneApi", "PhonebookTheOneApi\PhonebookTheOneApi.csproj", "{F9670C13-EACF-4A9D-9219-5CDAB3EE44E9}"
EndProject
Global
	GlobalSection(SolutionConfigurationPlatforms) = preSolution
		Debug|Any CPU = Debug|Any CPU
		Release|Any CPU = Release|Any CPU
	EndGlobalSection
	GlobalSection(ProjectConfigurationPlatforms) = postSolution
		{F9670C13-EACF-4A9D-9219-5CDAB3EE44E9}.Debug|Any CPU.ActiveCfg = Debug|Any CPU
		{F9670C13-EACF-4A9D-9219-5CDAB3EE44E9}.Debug|Any CPU.Build.0 = Debug|Any CPU
		{F9670C13-EACF-4A9D-9219-5CDAB3EE44E9}.Release|Any CPU.ActiveCfg = Release|Any CPU
		{F9670C13-EACF-4A9D-9219-5CDAB3EE44E9}.Release|Any CPU.Build.0 = Release|Any CPU
	EndGlobalSection
	GlobalSection(SolutionProperties) = preSolution
		HideSolutionNode = FALSE
	EndGlobalSection
	GlobalSection(ExtensibilityGlobals) = postSolution
		SolutionGuid = {883F2A74-0985-4386-BB27-242ED2ED221D}
	EndGlobalSection
EndGlobal
